
Microsoft Visual Studio Solution File, Format Version 12.00
# Visual Studio Version 17
VisualStudioVersion = 17.9.34616.47
MinimumVisualStudioVersion = 10.0.40219.1
Project("{FAE04EC0-301F-11D3-BF4B-00C04F79EFBC}") = "biletdiyorum", "biletdiyorum\biletdiyorum.csproj", "{68A2DCFE-5459-4DFE-90AD-0326877E6B19}"
EndProject
Global
	GlobalSection(SolutionConfigurationPlatforms) = preSolution
		Debug|Any CPU = Debug|Any CPU
		Release|Any CPU = Release|Any CPU
	EndGlobalSection
	GlobalSection(ProjectConfigurationPlatforms) = postSolution
		{68A2DCFE-5459-4DFE-90AD-0326877E6B19}.Debug|Any CPU.ActiveCfg = Debug|Any CPU
		{68A2DCFE-5459-4DFE-90AD-0326877E6B19}.Debug|Any CPU.Build.0 = Debug|Any CPU
		{68A2DCFE-5459-4DFE-90AD-0326877E6B19}.Release|Any CPU.ActiveCfg = Release|Any CPU
		{68A2DCFE-5459-4DFE-90AD-0326877E6B19}.Release|Any CPU.Build.0 = Release|Any CPU
	EndGlobalSection
	GlobalSection(SolutionProperties) = preSolution
		HideSolutionNode = FALSE
	EndGlobalSection
	GlobalSection(ExtensibilityGlobals) = postSolution
		SolutionGuid = {4DC2038B-DF01-4F72-99AC-17D861592780}
	EndGlobalSection
EndGlobal
